# This file is automatically @generated by Cargo.
# It is not intended for manual editing.
version = 4

[[package]]
name = "allocator-api2"
version = "0.2.21"
source = "registry+https://github.com/rust-lang/crates.io-index"
checksum = "683d7910e743518b0e34f1186f92494becacb047c7b6bf616c96772180fef923"

[[package]]
name = "autocfg"
version = "1.4.0"
source = "registry+https://github.com/rust-lang/crates.io-index"
checksum = "ace50bade8e6234aa140d9a2f552bbee1db4d353f69b8217bc503490fc1a9f26"

[[package]]
name = "c-dynamic-library"
version = "0.1.0"
dependencies = [
 "stringleton-dylib",
]

[[package]]
name = "critical-section"
version = "1.2.0"
source = "registry+https://github.com/rust-lang/crates.io-index"
checksum = "790eea4361631c5e7d22598ecd5723ff611904e3344ce8720784c93e3d83d40b"

[[package]]
name = "ctor"
version = "0.4.1"
source = "registry+https://github.com/rust-lang/crates.io-index"
checksum = "07e9666f4a9a948d4f1dff0c08a4512b0f7c86414b23960104c243c10d79f4c3"

[[package]]
name = "dylib-tests"
version = "0.0.0"
dependencies = [
 "c-dynamic-library",
 "dynamic-library",
 "stringleton",
]

[[package]]
name = "dynamic-library"
version = "0.1.0"
dependencies = [
 "stringleton",
]

[[package]]
name = "equivalent"
version = "1.0.2"
source = "registry+https://github.com/rust-lang/crates.io-index"
checksum = "877a4ace8713b0bcf2a4e7eec82529c029f1d0619886d18145fea96c3ffe5c0f"

[[package]]
name = "foldhash"
version = "0.1.5"
source = "registry+https://github.com/rust-lang/crates.io-index"
checksum = "d9c4f5dac5e15c24eb999c26181a6ca40b39fe946cbe4c263c7209467bc83af2"

[[package]]
name = "hashbrown"
version = "0.15.2"
source = "registry+https://github.com/rust-lang/crates.io-index"
checksum = "bf151400ff0baff5465007dd2f3e717f3fe502074ca563069ce3a6629d07b289"
dependencies = [
 "allocator-api2",
 "equivalent",
 "foldhash",
]

[[package]]
name = "linkme"
version = "0.3.32"
source = "registry+https://github.com/rust-lang/crates.io-index"
checksum = "22d227772b5999ddc0690e733f734f95ca05387e329c4084fe65678c51198ffe"
dependencies = [
 "linkme-impl",
]

[[package]]
name = "linkme-impl"
version = "0.3.32"
source = "registry+https://github.com/rust-lang/crates.io-index"
checksum = "71a98813fa0073a317ed6a8055dcd4722a49d9b862af828ee68449adb799b6be"
dependencies = [
 "proc-macro2",
 "quote",
 "syn",
]

[[package]]
name = "lock_api"
version = "0.4.12"
source = "registry+https://github.com/rust-lang/crates.io-index"
checksum = "07af8b9cdd281b7915f413fa73f29ebd5d55d0d3f0155584dade1ff18cea1b17"
dependencies = [
 "autocfg",
 "scopeguard",
]

[[package]]
name = "once_cell"
version = "1.21.1"
source = "registry+https://github.com/rust-lang/crates.io-index"
checksum = "d75b0bedcc4fe52caa0e03d9f1151a323e4aa5e2d78ba3580400cd3c9e2bc4bc"
dependencies = [
 "critical-section",
 "portable-atomic",
]

[[package]]
name = "portable-atomic"
version = "1.11.0"
source = "registry+https://github.com/rust-lang/crates.io-index"
checksum = "350e9b48cbc6b0e028b0473b114454c6316e57336ee184ceab6e53f72c178b3e"

[[package]]
name = "proc-macro2"
version = "1.0.94"
source = "registry+https://github.com/rust-lang/crates.io-index"
checksum = "a31971752e70b8b2686d7e46ec17fb38dad4051d94024c88df49b667caea9c84"
dependencies = [
 "unicode-ident",
]

[[package]]
name = "quote"
version = "1.0.40"
source = "registry+https://github.com/rust-lang/crates.io-index"
checksum = "1885c039570dc00dcb4ff087a89e185fd56bae234ddc7f056a945bf36467248d"
dependencies = [
 "proc-macro2",
]

[[package]]
name = "scopeguard"
version = "1.2.0"
source = "registry+https://github.com/rust-lang/crates.io-index"
checksum = "94143f37725109f92c262ed2cf5e59bce7498c01bcc1502d7b9afe439a4e9f49"

[[package]]
name = "serde"
version = "1.0.219"
source = "registry+https://github.com/rust-lang/crates.io-index"
checksum = "5f0e2c6ed6606019b4e29e69dbaba95b11854410e5347d525002456dbbb786b6"
dependencies = [
 "serde_derive",
]

[[package]]
name = "serde_derive"
version = "1.0.219"
source = "registry+https://github.com/rust-lang/crates.io-index"
checksum = "5b0276cf7f2c73365f7157c8123c21cd9a50fbbd844757af28ca1f5925fc2a00"
dependencies = [
 "proc-macro2",
 "quote",
 "syn",
]

[[package]]
name = "spin"
version = "0.9.8"
source = "registry+https://github.com/rust-lang/crates.io-index"
checksum = "6980e8d7511241f8acf4aebddbb1ff938df5eebe98691418c4468d0b72a96a67"
dependencies = [
 "lock_api",
]

[[package]]
name = "stringleton"
version = "0.1.0"
dependencies = [
 "ctor",
 "hashbrown",
 "linkme",
 "stringleton-registry",
]

[[package]]
name = "stringleton-dylib"
version = "0.1.0"
dependencies = [
 "ctor",
 "linkme",
 "stringleton-registry",
]

[[package]]
name = "stringleton-registry"
version = "0.1.0"
dependencies = [
 "hashbrown",
 "once_cell",
 "serde",
 "spin",
]

[[package]]
name = "syn"
version = "2.0.100"
source = "registry+https://github.com/rust-lang/crates.io-index"
checksum = "b09a44accad81e1ba1cd74a32461ba89dee89095ba17b32f5d03683b1b1fc2a0"
dependencies = [
 "proc-macro2",
 "quote",
 "unicode-ident",
]

[[package]]
name = "unicode-ident"
version = "1.0.18"
source = "registry+https://github.com/rust-lang/crates.io-index"
checksum = "5a5f39404a5da50712a4c1eecf25e90dd62b613502b7e925fd4e4d19b5c96512"
